// !$*UTF8*$!
{
	archiveVersion = 1;
	classes = {
	};
	objectVersion = 50;
	objects = {

/* Begin PBXBuildFile section */
		67A1C3E522FD93CB006F83FF /* AppDelegate.swift in Sources */ = {isa = PBXBuildFile; fileRef = 67A1C3E422FD93CB006F83FF /* AppDelegate.swift */; };
		67A1C3EC22FD93CC006F83FF /* Assets.xcassets in Resources */ = {isa = PBXBuildFile; fileRef = 67A1C3EB22FD93CC006F83FF /* Assets.xcassets */; };
		67A1C3EF22FD93CC006F83FF /* LaunchScreen.storyboard in Resources */ = {isa = PBXBuildFile; fileRef = 67A1C3ED22FD93CC006F83FF /* LaunchScreen.storyboard */; };
		67A1C3F722FD941E006F83FF /* TableViewController.swift in Sources */ = {isa = PBXBuildFile; fileRef = 67A1C3F622FD941E006F83FF /* TableViewController.swift */; };
		67A1C3F922FD94DC006F83FF /* DataNode.swift in Sources */ = {isa = PBXBuildFile; fileRef = 67A1C3F822FD94DC006F83FF /* DataNode.swift */; };
		67A1C3FB22FD9734006F83FF /* myCell.swift in Sources */ = {isa = PBXBuildFile; fileRef = 67A1C3FA22FD9734006F83FF /* myCell.swift */; };
		67A1C3FD22FD987A006F83FF /* Extensions.swift in Sources */ = {isa = PBXBuildFile; fileRef = 67A1C3FC22FD987A006F83FF /* Extensions.swift */; };
/* End PBXBuildFile section */

/* Begin PBXFileReference section */
		67A1C3E122FD93CB006F83FF /* 8-9-19Table.app */ = {isa = PBXFileReference; explicitFileType = wrapper.application; includeInIndex = 0; path = "8-9-19Table.app"; sourceTree = BUILT_PRODUCTS_DIR; };
		67A1C3E422FD93CB006F83FF /* AppDelegate.swift */ = {isa = PBXFileReference; lastKnownFileType = sourcecode.swift; path = AppDelegate.swift; sourceTree = "<group>"; };
		67A1C3EB22FD93CC006F83FF /* Assets.xcassets */ = {isa = PBXFileReference; lastKnownFileType = folder.assetcatalog; path = Assets.xcassets; sourceTree = "<group>"; };
		67A1C3EE22FD93CC006F83FF /* Base */ = {isa = PBXFileReference; lastKnownFileType = file.storyboard; name = Base; path = Base.lproj/LaunchScreen.storyboard; sourceTree = "<group>"; };
		67A1C3F022FD93CC006F83FF /* Info.plist */ = {isa = PBXFileReference; lastKnownFileType = text.plist.xml; path = Info.plist; sourceTree = "<group>"; };
		67A1C3F622FD941E006F83FF /* TableViewController.swift */ = {isa = PBXFileReference; lastKnownFileType = sourcecode.swift; path = TableViewController.swift; sourceTree = "<group>"; };
		67A1C3F822FD94DC006F83FF /* DataNode.swift */ = {isa = PBXFileReference; lastKnownFileType = sourcecode.swift; path = DataNode.swift; sourceTree = "<group>"; };
		67A1C3FA22FD9734006F83FF /* myCell.swift */ = {isa = PBXFileReference; lastKnownFileType = sourcecode.swift; path = myCell.swift; sourceTree = "<group>"; };
		67A1C3FC22FD987A006F83FF /* Extensions.swift */ = {isa = PBXFileReference; lastKnownFileType = sourcecode.swift; path = Extensions.swift; sourceTree = "<group>"; };
/* End PBXFileReference section */

/* Begin PBXFrameworksBuildPhase section */
		67A1C3DE22FD93CB006F83FF /* Frameworks */ = {
			isa = PBXFrameworksBuildPhase;
			buildActionMask = 2147483647;
			files = (
			);
			runOnlyForDeploymentPostprocessing = 0;
		};
/* End PBXFrameworksBuildPhase section */

/* Begin PBXGroup section */
		67A1C3D822FD93CB006F83FF = {
			isa = PBXGroup;
			children = (
				67A1C3E322FD93CB006F83FF /* 8-9-19Table */,
				67A1C3E222FD93CB006F83FF /* Products */,
			);
			sourceTree = "<group>";
		};
		67A1C3E222FD93CB006F83FF /* Products */ = {
			isa = PBXGroup;
			children = (
				67A1C3E122FD93CB006F83FF /* 8-9-19Table.app */,
			);
			name = Products;
			sourceTree = "<group>";
		};
		67A1C3E322FD93CB006F83FF /* 8-9-19Table */ = {
			isa = PBXGroup;
			children = (
				67A1C3E422FD93CB006F83FF /* AppDelegate.swift */,
				67A1C3F622FD941E006F83FF /* TableViewController.swift */,
				67A1C3EB22FD93CC006F83FF /* Assets.xcassets */,
				67A1C3ED22FD93CC006F83FF /* LaunchScreen.storyboard */,
				67A1C3F022FD93CC006F83FF /* Info.plist */,
				67A1C3F822FD94DC006F83FF /* DataNode.swift */,
				67A1C3FA22FD9734006F83FF /* myCell.swift */,
				67A1C3FC22FD987A006F83FF /* Extensions.swift */,
			);
			path = "8-9-19Table";
			sourceTree = "<group>";
		};
/* End PBXGroup section */

/* Begin PBXNativeTarget section */
		67A1C3E022FD93CB006F83FF /* 8-9-19Table */ = {
			isa = PBXNativeTarget;
			buildConfigurationList = 67A1C3F322FD93CC006F83FF /* Build configuration list for PBXNativeTarget "8-9-19Table" */;
			buildPhases = (
				67A1C3DD22FD93CB006F83FF /* Sources */,
				67A1C3DE22FD93CB006F83FF /* Frameworks */,
				67A1C3DF22FD93CB006F83FF /* Resources */,
			);
			buildRules = (
			);
			dependencies = (
			);
			name = "8-9-19Table";
			productName = "8-9-19Table";
			productReference = 67A1C3E122FD93CB006F83FF /* 8-9-19Table.app */;
			productType = "com.apple.product-type.application";
		};
/* End PBXNativeTarget section */

/* Begin PBXProject section */
		67A1C3D922FD93CB006F83FF /* Project object */ = {
			isa = PBXProject;
			attributes = {
				LastSwiftUpdateCheck = 1010;
				LastUpgradeCheck = 1010;
				ORGANIZATIONNAME = "Nathaniel Mcdowell";
				TargetAttributes = {
					67A1C3E022FD93CB006F83FF = {
						CreatedOnToolsVersion = 10.1;
					};
				};
			};
			buildConfigurationList = 67A1C3DC22FD93CB006F83FF /* Build configuration list for PBXProject "8-9-19Table" */;
			compatibilityVersion = "Xcode 9.3";
			developmentRegion = en;
			hasScannedForEncodings = 0;
			knownRegions = (
				en,
				Base,
			);
			mainGroup = 67A1C3D822FD93CB006F83FF;
			productRefGroup = 67A1C3E222FD93CB006F83FF /* Products */;
			projectDirPath = "";
			projectRoot = "";
			targets = (
				67A1C3E022FD93CB006F83FF /* 8-9-19Table */,
			);
		};
/* End PBXProject section */

/* Begin PBXResourcesBuildPhase section */
		67A1C3DF22FD93CB006F83FF /* Resources */ = {
			isa = PBXResourcesBuildPhase;
			buildActionMask = 2147483647;
			files = (
				67A1C3EF22FD93CC006F83FF /* LaunchScreen.storyboard in Resources */,
				67A1C3EC22FD93CC006F83FF /* Assets.xcassets in Resources */,
			);
			runOnlyForDeploymentPostprocessing = 0;
		};
/* End PBXResourcesBuildPhase section */

/* Begin PBXSourcesBuildPhase section */
		67A1C3DD22FD93CB006F83FF /* Sources */ = {
			isa = PBXSourcesBuildPhase;
			buildActionMask = 2147483647;
			files = (
				67A1C3FD22FD987A006F83FF /* Extensions.swift in Sources */,
				67A1C3F922FD94DC006F83FF /* DataNode.swift in Sources */,
				67A1C3FB22FD9734006F83FF /* myCell.swift in Sources */,
				67A1C3E522FD93CB006F83FF /* AppDelegate.swift in Sources */,
				67A1C3F722FD941E006F83FF /* TableViewController.swift in Sources */,
			);
			runOnlyForDeploymentPostprocessing = 0;
		};
/* End PBXSourcesBuildPhase section */

/* Begin PBXVariantGroup section */
		67A1C3ED22FD93CC006F83FF /* LaunchScreen.storyboard */ = {
			isa = PBXVariantGroup;
			children = (
				67A1C3EE22FD93CC006F83FF /* Base */,
			);
			name = LaunchScreen.storyboard;
			sourceTree = "<group>";
		};
/* End PBXVariantGroup section */

/* Begin XCBuildConfiguration section */
		67A1C3F122FD93CC006F83FF /* Debug */ = {
			isa = XCBuildConfiguration;
			buildSettings = {
				ALWAYS_SEARCH_USER_PATHS = NO;
				CLANG_ANALYZER_NONNULL = YES;
				CLANG_ANALYZER_NUMBER_OBJECT_CONVERSION = YES_AGGRESSIVE;
				CLANG_CXX_LANGUAGE_STANDARD = "gnu++14";
				CLANG_CXX_LIBRARY = "libc++";
				CLANG_ENABLE_MODULES = YES;
				CLANG_ENABLE_OBJC_ARC = YES;
				CLANG_ENABLE_OBJC_WEAK = YES;
				CLANG_WARN_BLOCK_CAPTURE_AUTORELEASING = YES;
				CLANG_WARN_BOOL_CONVERSION = YES;
				CLANG_WARN_COMMA = YES;
				CLANG_WARN_CONSTANT_CONVERSION = YES;
				CLANG_WARN_DEPRECATED_OBJC_IMPLEMENTATIONS = YES;
				CLANG_WARN_DIRECT_OBJC_ISA_USAGE = YES_ERROR;
				CLANG_WARN_DOCUMENTATION_COMMENTS = YES;
				CLANG_WARN_EMPTY_BODY = YES;
				CLANG_WARN_ENUM_CONVERSION = YES;
				CLANG_WARN_INFINITE_RECURSION = YES;
				CLANG_WARN_INT_CONVERSION = YES;
				CLANG_WARN_NON_LITERAL_NULL_CONVERSION = YES;
				CLANG_WARN_OBJC_IMPLICIT_RETAIN_SELF = YES;
				CLANG_WARN_OBJC_LITERAL_CONVERSION = YES;
				CLANG_WARN_OBJC_ROOT_CLASS = YES_ERROR;
				CLANG_WARN_RANGE_LOOP_ANALYSIS = YES;
				CLANG_WARN_STRICT_PROTOTYPES = YES;
				CLANG_WARN_SUSPICIOUS_MOVE = YES;
				CLANG_WARN_UNGUARDED_AVAILABILITY = YES_AGGRESSIVE;
				CLANG_WARN_UNREACHABLE_CODE = YES;
				CLANG_WARN__DUPLICATE_METHOD_MATCH = YES;
				CODE_SIGN_IDENTITY = "iPhone Developer";
				COPY_PHASE_STRIP = NO;
				DEBUG_INFORMATION_FORMAT = dwarf;
				ENABLE_STRICT_OBJC_MSGSEND = YES;
				ENABLE_TESTABILITY = YES;
				GCC_C_LANGUAGE_STANDARD = gnu11;
				GCC_DYNAMIC_NO_PIC = NO;
				GCC_NO_COMMON_BLOCKS = YES;
				GCC_OPTIMIZATION_LEVEL = 0;
				GCC_PREPROCESSOR_DEFINITIONS = (
					"DEBUG=1",
					"$(inherited)",
				);
				GCC_WARN_64_TO_32_BIT_CONVERSION = YES;
				GCC_WARN_ABOUT_RETURN_TYPE = YES_ERROR;
				GCC_WARN_UNDECLARED_SELECTOR = YES;
				GCC_WARN_UNINITIALIZED_AUTOS = YES_AGGRESSIVE;
				GCC_WARN_UNUSED_FUNCTION = YES;
				GCC_WARN_UNUSED_VARIABLE = YES;
				IPHONEOS_DEPLOYMENT_TARGET = 12.1;
				MTL_ENABLE_DEBUG_INFO = INCLUDE_SOURCE;
				MTL_FAST_MATH = YES;
				ONLY_ACTIVE_ARCH = YES;
				SDKROOT = iphoneos;
				SWIFT_ACTIVE_COMPILATION_CONDITIONS = DEBUG;
				SWIFT_OPTIMIZATION_LEVEL = "-Onone";
			};
			name = Debug;
		};
		67A1C3F222FD93CC006F83FF /* Release */ = {
			isa = XCBuildConfiguration;
			buildSettings = {
				ALWAYS_SEARCH_USER_PATHS = NO;
				CLANG_ANALYZER_NONNULL = YES;
				CLANG_ANALYZER_NUMBER_OBJECT_CONVERSION = YES_AGGRESSIVE;
				CLANG_CXX_LANGUAGE_STANDARD = "gnu++14";
				CLANG_CXX_LIBRARY = "libc++";
				CLANG_ENABLE_MODULES = YES;
				CLANG_ENABLE_OBJC_ARC = YES;
				CLANG_ENABLE_OBJC_WEAK = YES;
				CLANG_WARN_BLOCK_CAPTURE_AUTORELEASING = YES;
				CLANG_WARN_BOOL_CONVERSION = YES;
				CLANG_WARN_COMMA = YES;
				CLANG_WARN_CONSTANT_CONVERSION = YES;
				CLANG_WARN_DEPRECATED_OBJC_IMPLEMENTATIONS = YES;
				CLANG_WARN_DIRECT_OBJC_ISA_USAGE = YES_ERROR;
				CLANG_WARN_DOCUMENTATION_COMMENTS = YES;
				CLANG_WARN_EMPTY_BODY = YES;
				CLANG_WARN_ENUM_CONVERSION = YES;
				CLANG_WARN_INFINITE_RECURSION = YES;
				CLANG_WARN_INT_CONVERSION = YES;
				CLANG_WARN_NON_LITERAL_NULL_CONVERSION = YES;
				CLANG_WARN_OBJC_IMPLICIT_RETAIN_SELF = YES;
				CLANG_WARN_OBJC_LITERAL_CONVERSION = YES;
				CLANG_WARN_OBJC_ROOT_CLASS = YES_ERROR;
				CLANG_WARN_RANGE_LOOP_ANALYSIS = YES;
				CLANG_WARN_STRICT_PROTOTYPES = YES;
				CLANG_WARN_SUSPICIOUS_MOVE = YES;
				CLANG_WARN_UNGUARDED_AVAILABILITY = YES_AGGRESSIVE;
				CLANG_WARN_UNREACHABLE_CODE = YES;
				CLANG_WARN__DUPLICATE_METHOD_MATCH = YES;
				CODE_SIGN_IDENTITY = "iPhone Developer";
				COPY_PHASE_STRIP = NO;
				DEBUG_INFORMATION_FORMAT = "dwarf-with-dsym";
				ENABLE_NS_ASSERTIONS = NO;
				ENABLE_STRICT_OBJC_MSGSEND = YES;
				GCC_C_LANGUAGE_STANDARD = gnu11;
				GCC_NO_COMMON_BLOCKS = YES;
				GCC_WARN_64_TO_32_BIT_CONVERSION = YES;
				GCC_WARN_ABOUT_RETURN_TYPE = YES_ERROR;
				GCC_WARN_UNDECLARED_SELECTOR = YES;
				GCC_WARN_UNINITIALIZED_AUTOS = YES_AGGRESSIVE;
				GCC_WARN_UNUSED_FUNCTION = YES;
				GCC_WARN_UNUSED_VARIABLE = YES;
				IPHONEOS_DEPLOYMENT_TARGET = 12.1;
				MTL_ENABLE_DEBUG_INFO = NO;
				MTL_FAST_MATH = YES;
				SDKROOT = iphoneos;
				SWIFT_COMPILATION_MODE = wholemodule;
				SWIFT_OPTIMIZATION_LEVEL = "-O";
				VALIDATE_PRODUCT = YES;
			};
			name = Release;
		};
		67A1C3F422FD93CC006F83FF /* Debug */ = {
			isa = XCBuildConfiguration;
			buildSettings = {
				ASSETCATALOG_COMPILER_APPICON_NAME = AppIcon;
				CODE_SIGN_STYLE = Automatic;
				DEVELOPMENT_TEAM = 988VW22UE7;
				INFOPLIST_FILE = "8-9-19Table/Info.plist";
				LD_RUNPATH_SEARCH_PATHS = (
					"$(inherited)",
					"@executable_path/Frameworks",
				);
				PRODUCT_BUNDLE_IDENTIFIER = "Nate.--9-19Table";
				PRODUCT_NAME = "$(TARGET_NAME)";
				SWIFT_VERSION = 4.2;
				TARGETED_DEVICE_FAMILY = "1,2";
			};
			name = Debug;
		};
		67A1C3F522FD93CC006F83FF /* Release */ = {
			isa = XCBuildConfiguration;
			buildSettings = {
				ASSETCATALOG_COMPILER_APPICON_NAME = AppIcon;
				CODE_SIGN_STYLE = Automatic;
				DEVELOPMENT_TEAM = 988VW22UE7;
				INFOPLIST_FILE = "8-9-19Table/Info.plist";
				LD_RUNPATH_SEARCH_PATHS = (
					"$(inherited)",
					"@executable_path/Frameworks",
				);
				PRODUCT_BUNDLE_IDENTIFIER = "Nate.--9-19Table";
				PRODUCT_NAME = "$(TARGET_NAME)";
				SWIFT_VERSION = 4.2;
				TARGETED_DEVICE_FAMILY = "1,2";
			};
			name = Release;
		};
/* End XCBuildConfiguration section */

/* Begin XCConfigurationList section */
		67A1C3DC22FD93CB006F83FF /* Build configuration list for PBXProject "8-9-19Table" */ = {
			isa = XCConfigurationList;
			buildConfigurations = (
				67A1C3F122FD93CC006F83FF /* Debug */,
				67A1C3F222FD93CC006F83FF /* Release */,
			);
			defaultConfigurationIsVisible = 0;
			defaultConfigurationName = Release;
		};
		67A1C3F322FD93CC006F83FF /* Build configuration list for PBXNativeTarget "8-9-19Table" */ = {
			isa = XCConfigurationList;
			buildConfigurations = (
				67A1C3F422FD93CC006F83FF /* Debug */,
				67A1C3F522FD93CC006F83FF /* Release */,
			);
			defaultConfigurationIsVisible = 0;
			defaultConfigurationName = Release;
		};
/* End XCConfigurationList section */
	};
	rootObject = 67A1C3D922FD93CB006F83FF /* Project object */;
}
